
Microsoft Visual Studio Solution File, Format Version 12.00
# Visual Studio Version 16
VisualStudioVersion = 16.0.32106.194
MinimumVisualStudioVersion = 10.0.40219.1
Project("{FAE04EC0-301F-11D3-BF4B-00C04F79EFBC}") = "Vai ter copa", "Vai ter copa\Vai ter copa.csproj", "{46A885D0-55E7-490E-87C6-D9C848669B84}"
EndProject
Global
	GlobalSection(SolutionConfigurationPlatforms) = preSolution
		Debug|Any CPU = Debug|Any CPU
		Release|Any CPU = Release|Any CPU
	EndGlobalSection
	GlobalSection(ProjectConfigurationPlatforms) = postSolution
		{46A885D0-55E7-490E-87C6-D9C848669B84}.Debug|Any CPU.ActiveCfg = Debug|Any CPU
		{46A885D0-55E7-490E-87C6-D9C848669B84}.Debug|Any CPU.Build.0 = Debug|Any CPU
		{46A885D0-55E7-490E-87C6-D9C848669B84}.Release|Any CPU.ActiveCfg = Release|Any CPU
		{46A885D0-55E7-490E-87C6-D9C848669B84}.Release|Any CPU.Build.0 = Release|Any CPU
	EndGlobalSection
	GlobalSection(SolutionProperties) = preSolution
		HideSolutionNode = FALSE
	EndGlobalSection
	GlobalSection(ExtensibilityGlobals) = postSolution
		SolutionGuid = {6A13CD97-4ECC-4582-9645-14AF71316CFE}
	EndGlobalSection
EndGlobal
